
Microsoft Visual Studio Solution File, Format Version 12.00
# Visual Studio Version 16
VisualStudioVersion = 16.0.30517.126
MinimumVisualStudioVersion = 10.0.40219.1
Project("{9A19103F-16F7-4668-BE54-9A1E7A4F7556}") = "FileSystem", "FileSystem\FileSystem.csproj", "{7B27C74A-DBE2-498B-98AD-93DC5AEEF02C}"
EndProject
Project("{9A19103F-16F7-4668-BE54-9A1E7A4F7556}") = "FileCreate", "FileCreate\FileCreate.csproj", "{C3C5FF45-ADD9-4343-97EA-1D37B1AFE83B}"
EndProject
Project("{FAE04EC0-301F-11D3-BF4B-00C04F79EFBC}") = "Lists", "Lists\Lists.csproj", "{55CFA54A-20F6-4699-9EB4-2C62E3F84A2E}"
EndProject
Global
	GlobalSection(SolutionConfigurationPlatforms) = preSolution
		Debug|Any CPU = Debug|Any CPU
		Release|Any CPU = Release|Any CPU
	EndGlobalSection
	GlobalSection(ProjectConfigurationPlatforms) = postSolution
		{7B27C74A-DBE2-498B-98AD-93DC5AEEF02C}.Debug|Any CPU.ActiveCfg = Debug|Any CPU
		{7B27C74A-DBE2-498B-98AD-93DC5AEEF02C}.Debug|Any CPU.Build.0 = Debug|Any CPU
		{7B27C74A-DBE2-498B-98AD-93DC5AEEF02C}.Release|Any CPU.ActiveCfg = Release|Any CPU
		{7B27C74A-DBE2-498B-98AD-93DC5AEEF02C}.Release|Any CPU.Build.0 = Release|Any CPU
		{C3C5FF45-ADD9-4343-97EA-1D37B1AFE83B}.Debug|Any CPU.ActiveCfg = Debug|Any CPU
		{C3C5FF45-ADD9-4343-97EA-1D37B1AFE83B}.Debug|Any CPU.Build.0 = Debug|Any CPU
		{C3C5FF45-ADD9-4343-97EA-1D37B1AFE83B}.Release|Any CPU.ActiveCfg = Release|Any CPU
		{C3C5FF45-ADD9-4343-97EA-1D37B1AFE83B}.Release|Any CPU.Build.0 = Release|Any CPU
		{55CFA54A-20F6-4699-9EB4-2C62E3F84A2E}.Debug|Any CPU.ActiveCfg = Debug|Any CPU
		{55CFA54A-20F6-4699-9EB4-2C62E3F84A2E}.Debug|Any CPU.Build.0 = Debug|Any CPU
		{55CFA54A-20F6-4699-9EB4-2C62E3F84A2E}.Release|Any CPU.ActiveCfg = Release|Any CPU
		{55CFA54A-20F6-4699-9EB4-2C62E3F84A2E}.Release|Any CPU.Build.0 = Release|Any CPU
	EndGlobalSection
	GlobalSection(SolutionProperties) = preSolution
		HideSolutionNode = FALSE
	EndGlobalSection
	GlobalSection(ExtensibilityGlobals) = postSolution
		SolutionGuid = {5A614EFE-42E3-4AD1-99CF-C949D6AC72DE}
	EndGlobalSection
EndGlobal
